
Microsoft Visual Studio Solution File, Format Version 12.00
# Visual Studio Version 17
VisualStudioVersion = 17.8.34511.84
MinimumVisualStudioVersion = 10.0.40219.1
Project("{9A19103F-16F7-4668-BE54-9A1E7A4F7556}") = "WinFormsApp1", "WinFormsApp1.csproj", "{B455B251-1239-4795-B254-5146F344E278}"
EndProject
Project("{9A19103F-16F7-4668-BE54-9A1E7A4F7556}") = "GaussLib", "..\GaussLib\GaussLib.csproj", "{68A375AA-0B56-4F80-A538-DFCB7B2089D8}"
EndProject
Global
	GlobalSection(SolutionConfigurationPlatforms) = preSolution
		Debug|Any CPU = Debug|Any CPU
		Release|Any CPU = Release|Any CPU
	EndGlobalSection
	GlobalSection(ProjectConfigurationPlatforms) = postSolution
		{B455B251-1239-4795-B254-5146F344E278}.Debug|Any CPU.ActiveCfg = Debug|Any CPU
		{B455B251-1239-4795-B254-5146F344E278}.Debug|Any CPU.Build.0 = Debug|Any CPU
		{B455B251-1239-4795-B254-5146F344E278}.Release|Any CPU.ActiveCfg = Release|Any CPU
		{B455B251-1239-4795-B254-5146F344E278}.Release|Any CPU.Build.0 = Release|Any CPU
		{68A375AA-0B56-4F80-A538-DFCB7B2089D8}.Debug|Any CPU.ActiveCfg = Debug|Any CPU
		{68A375AA-0B56-4F80-A538-DFCB7B2089D8}.Debug|Any CPU.Build.0 = Debug|Any CPU
		{68A375AA-0B56-4F80-A538-DFCB7B2089D8}.Release|Any CPU.ActiveCfg = Release|Any CPU
		{68A375AA-0B56-4F80-A538-DFCB7B2089D8}.Release|Any CPU.Build.0 = Release|Any CPU
	EndGlobalSection
	GlobalSection(SolutionProperties) = preSolution
		HideSolutionNode = FALSE
	EndGlobalSection
	GlobalSection(ExtensibilityGlobals) = postSolution
		SolutionGuid = {FBA5678E-E8C2-4E56-97DF-50B99A37C811}
	EndGlobalSection
EndGlobal
